
Microsoft Visual Studio Solution File, Format Version 12.00
# Visual Studio Version 18
VisualStudioVersion = 18.0.11123.170
MinimumVisualStudioVersion = 10.0.40219.1
Project("{9A19103F-16F7-4668-BE54-9A1E7A4F7556}") = "WinCheck.App", "src\WinCheck.App\WinCheck.App.csproj", "{A1B2C3D4-E5F6-4A5B-8C9D-0E1F2A3B4C5D}"
EndProject
Project("{9A19103F-16F7-4668-BE54-9A1E7A4F7556}") = "WinCheck.Core", "src\WinCheck.Core\WinCheck.Core.csproj", "{B2C3D4E5-F6A7-5B6C-9D0E-1F2A3B4C5D6E}"
EndProject
Project("{9A19103F-16F7-4668-BE54-9A1E7A4F7556}") = "WinCheck.Infrastructure", "src\WinCheck.Infrastructure\WinCheck.Infrastructure.csproj", "{C3D4E5F6-A7B8-6C7D-0E1F-2A3B4C5D6E7F}"
EndProject
Project("{2150E333-8FDC-42A3-9474-1A3956D46DE8}") = "tests", "tests", "{0AB3BF05-4346-4AA6-1389-037BE0695223}"
EndProject
Project("{FAE04EC0-301F-11D3-BF4B-00C04F79EFBC}") = "WinCheck.Tests", "tests\WinCheck.Tests\WinCheck.Tests.csproj", "{D548C7CE-7270-40DA-8182-8479B174E274}"
EndProject
Project("{2150E333-8FDC-42A3-9474-1A3956D46DE8}") = "src", "src", "{827E0CD3-B72D-47B6-A68D-7590B98EB39B}"
EndProject
Project("{FAE04EC0-301F-11D3-BF4B-00C04F79EFBC}") = "WinCheck.IntegrationTests", "tests\WinCheck.IntegrationTests\WinCheck.IntegrationTests.csproj", "{8C4A70C0-EE42-4D0B-921A-F8E959F3E6B4}"
EndProject
Project("{FAE04EC0-301F-11D3-BF4B-00C04F79EFBC}") = "WinCheck.CLI", "src\WinCheck.CLI\WinCheck.CLI.csproj", "{CA772DE3-47ED-4C69-8327-48412EB376AF}"
EndProject
Global
	GlobalSection(SolutionConfigurationPlatforms) = preSolution
		Debug|ARM64 = Debug|ARM64
		Debug|x64 = Debug|x64
		Debug|x86 = Debug|x86
		Debug|Any CPU = Debug|Any CPU
		Release|ARM64 = Release|ARM64
		Release|x64 = Release|x64
		Release|x86 = Release|x86
		Release|Any CPU = Release|Any CPU
	EndGlobalSection
	GlobalSection(ProjectConfigurationPlatforms) = postSolution
		{A1B2C3D4-E5F6-4A5B-8C9D-0E1F2A3B4C5D}.Debug|ARM64.ActiveCfg = Debug|ARM64
		{A1B2C3D4-E5F6-4A5B-8C9D-0E1F2A3B4C5D}.Debug|ARM64.Build.0 = Debug|ARM64
		{A1B2C3D4-E5F6-4A5B-8C9D-0E1F2A3B4C5D}.Debug|x64.ActiveCfg = Debug|x64
		{A1B2C3D4-E5F6-4A5B-8C9D-0E1F2A3B4C5D}.Debug|x64.Build.0 = Debug|x64
		{A1B2C3D4-E5F6-4A5B-8C9D-0E1F2A3B4C5D}.Debug|x86.ActiveCfg = Debug|x86
		{A1B2C3D4-E5F6-4A5B-8C9D-0E1F2A3B4C5D}.Debug|x86.Build.0 = Debug|x86
		{A1B2C3D4-E5F6-4A5B-8C9D-0E1F2A3B4C5D}.Debug|Any CPU.ActiveCfg = Debug|Any CPU
		{A1B2C3D4-E5F6-4A5B-8C9D-0E1F2A3B4C5D}.Debug|Any CPU.Build.0 = Debug|Any CPU
		{A1B2C3D4-E5F6-4A5B-8C9D-0E1F2A3B4C5D}.Release|ARM64.ActiveCfg = Release|ARM64
		{A1B2C3D4-E5F6-4A5B-8C9D-0E1F2A3B4C5D}.Release|ARM64.Build.0 = Release|ARM64
		{A1B2C3D4-E5F6-4A5B-8C9D-0E1F2A3B4C5D}.Release|x64.ActiveCfg = Release|x64
		{A1B2C3D4-E5F6-4A5B-8C9D-0E1F2A3B4C5D}.Release|x64.Build.0 = Release|x64
		{A1B2C3D4-E5F6-4A5B-8C9D-0E1F2A3B4C5D}.Release|x86.ActiveCfg = Release|x86
		{A1B2C3D4-E5F6-4A5B-8C9D-0E1F2A3B4C5D}.Release|x86.Build.0 = Release|x86
		{A1B2C3D4-E5F6-4A5B-8C9D-0E1F2A3B4C5D}.Release|Any CPU.ActiveCfg = Release|Any CPU
		{A1B2C3D4-E5F6-4A5B-8C9D-0E1F2A3B4C5D}.Release|Any CPU.Build.0 = Release|Any CPU
		{B2C3D4E5-F6A7-5B6C-9D0E-1F2A3B4C5D6E}.Debug|ARM64.ActiveCfg = Debug|ARM64
		{B2C3D4E5-F6A7-5B6C-9D0E-1F2A3B4C5D6E}.Debug|ARM64.Build.0 = Debug|ARM64
		{B2C3D4E5-F6A7-5B6C-9D0E-1F2A3B4C5D6E}.Debug|x64.ActiveCfg = Debug|x64
		{B2C3D4E5-F6A7-5B6C-9D0E-1F2A3B4C5D6E}.Debug|x64.Build.0 = Debug|x64
		{B2C3D4E5-F6A7-5B6C-9D0E-1F2A3B4C5D6E}.Debug|x86.ActiveCfg = Debug|x86
		{B2C3D4E5-F6A7-5B6C-9D0E-1F2A3B4C5D6E}.Debug|x86.Build.0 = Debug|x86
		{B2C3D4E5-F6A7-5B6C-9D0E-1F2A3B4C5D6E}.Debug|Any CPU.ActiveCfg = Debug|Any CPU
		{B2C3D4E5-F6A7-5B6C-9D0E-1F2A3B4C5D6E}.Debug|Any CPU.Build.0 = Debug|Any CPU
		{B2C3D4E5-F6A7-5B6C-9D0E-1F2A3B4C5D6E}.Release|ARM64.ActiveCfg = Release|ARM64
		{B2C3D4E5-F6A7-5B6C-9D0E-1F2A3B4C5D6E}.Release|ARM64.Build.0 = Release|ARM64
		{B2C3D4E5-F6A7-5B6C-9D0E-1F2A3B4C5D6E}.Release|x64.ActiveCfg = Release|x64
		{B2C3D4E5-F6A7-5B6C-9D0E-1F2A3B4C5D6E}.Release|x64.Build.0 = Release|x64
		{B2C3D4E5-F6A7-5B6C-9D0E-1F2A3B4C5D6E}.Release|x86.ActiveCfg = Release|x86
		{B2C3D4E5-F6A7-5B6C-9D0E-1F2A3B4C5D6E}.Release|x86.Build.0 = Release|x86
		{B2C3D4E5-F6A7-5B6C-9D0E-1F2A3B4C5D6E}.Release|Any CPU.ActiveCfg = Release|Any CPU
		{B2C3D4E5-F6A7-5B6C-9D0E-1F2A3B4C5D6E}.Release|Any CPU.Build.0 = Release|Any CPU
		{C3D4E5F6-A7B8-6C7D-0E1F-2A3B4C5D6E7F}.Debug|ARM64.ActiveCfg = Debug|ARM64
		{C3D4E5F6-A7B8-6C7D-0E1F-2A3B4C5D6E7F}.Debug|ARM64.Build.0 = Debug|ARM64
		{C3D4E5F6-A7B8-6C7D-0E1F-2A3B4C5D6E7F}.Debug|x64.ActiveCfg = Debug|x64
		{C3D4E5F6-A7B8-6C7D-0E1F-2A3B4C5D6E7F}.Debug|x64.Build.0 = Debug|x64
		{C3D4E5F6-A7B8-6C7D-0E1F-2A3B4C5D6E7F}.Debug|x86.ActiveCfg = Debug|x86
		{C3D4E5F6-A7B8-6C7D-0E1F-2A3B4C5D6E7F}.Debug|x86.Build.0 = Debug|x86
		{C3D4E5F6-A7B8-6C7D-0E1F-2A3B4C5D6E7F}.Debug|Any CPU.ActiveCfg = Debug|Any CPU
		{C3D4E5F6-A7B8-6C7D-0E1F-2A3B4C5D6E7F}.Debug|Any CPU.Build.0 = Debug|Any CPU
		{C3D4E5F6-A7B8-6C7D-0E1F-2A3B4C5D6E7F}.Release|ARM64.ActiveCfg = Release|ARM64
		{C3D4E5F6-A7B8-6C7D-0E1F-2A3B4C5D6E7F}.Release|ARM64.Build.0 = Release|ARM64
		{C3D4E5F6-A7B8-6C7D-0E1F-2A3B4C5D6E7F}.Release|x64.ActiveCfg = Release|x64
		{C3D4E5F6-A7B8-6C7D-0E1F-2A3B4C5D6E7F}.Release|x64.Build.0 = Release|x64
		{C3D4E5F6-A7B8-6C7D-0E1F-2A3B4C5D6E7F}.Release|x86.ActiveCfg = Release|x86
		{C3D4E5F6-A7B8-6C7D-0E1F-2A3B4C5D6E7F}.Release|x86.Build.0 = Release|x86
		{C3D4E5F6-A7B8-6C7D-0E1F-2A3B4C5D6E7F}.Release|Any CPU.ActiveCfg = Release|Any CPU
		{C3D4E5F6-A7B8-6C7D-0E1F-2A3B4C5D6E7F}.Release|Any CPU.Build.0 = Release|Any CPU
		{D548C7CE-7270-40DA-8182-8479B174E274}.Debug|ARM64.ActiveCfg = Debug|ARM64
		{D548C7CE-7270-40DA-8182-8479B174E274}.Debug|ARM64.Build.0 = Debug|ARM64
		{D548C7CE-7270-40DA-8182-8479B174E274}.Debug|x64.ActiveCfg = Debug|x64
		{D548C7CE-7270-40DA-8182-8479B174E274}.Debug|x64.Build.0 = Debug|x64
		{D548C7CE-7270-40DA-8182-8479B174E274}.Debug|x86.ActiveCfg = Debug|x86
		{D548C7CE-7270-40DA-8182-8479B174E274}.Debug|x86.Build.0 = Debug|x86
		{D548C7CE-7270-40DA-8182-8479B174E274}.Debug|Any CPU.ActiveCfg = Debug|x64
		{D548C7CE-7270-40DA-8182-8479B174E274}.Debug|Any CPU.Build.0 = Debug|x64
		{D548C7CE-7270-40DA-8182-8479B174E274}.Release|ARM64.ActiveCfg = Release|ARM64
		{D548C7CE-7270-40DA-8182-8479B174E274}.Release|ARM64.Build.0 = Release|ARM64
		{D548C7CE-7270-40DA-8182-8479B174E274}.Release|x64.ActiveCfg = Release|x64
		{D548C7CE-7270-40DA-8182-8479B174E274}.Release|x64.Build.0 = Release|x64
		{D548C7CE-7270-40DA-8182-8479B174E274}.Release|x86.ActiveCfg = Release|x86
		{D548C7CE-7270-40DA-8182-8479B174E274}.Release|x86.Build.0 = Release|x86
		{D548C7CE-7270-40DA-8182-8479B174E274}.Release|Any CPU.ActiveCfg = Release|x64
		{D548C7CE-7270-40DA-8182-8479B174E274}.Release|Any CPU.Build.0 = Release|x64
		{8C4A70C0-EE42-4D0B-921A-F8E959F3E6B4}.Debug|ARM64.ActiveCfg = Debug|ARM64
		{8C4A70C0-EE42-4D0B-921A-F8E959F3E6B4}.Debug|ARM64.Build.0 = Debug|ARM64
		{8C4A70C0-EE42-4D0B-921A-F8E959F3E6B4}.Debug|x64.ActiveCfg = Debug|x64
		{8C4A70C0-EE42-4D0B-921A-F8E959F3E6B4}.Debug|x64.Build.0 = Debug|x64
		{8C4A70C0-EE42-4D0B-921A-F8E959F3E6B4}.Debug|x86.ActiveCfg = Debug|x86
		{8C4A70C0-EE42-4D0B-921A-F8E959F3E6B4}.Debug|x86.Build.0 = Debug|x86
		{8C4A70C0-EE42-4D0B-921A-F8E959F3E6B4}.Debug|Any CPU.ActiveCfg = Debug|x64
		{8C4A70C0-EE42-4D0B-921A-F8E959F3E6B4}.Debug|Any CPU.Build.0 = Debug|x64
		{8C4A70C0-EE42-4D0B-921A-F8E959F3E6B4}.Release|ARM64.ActiveCfg = Release|ARM64
		{8C4A70C0-EE42-4D0B-921A-F8E959F3E6B4}.Release|ARM64.Build.0 = Release|ARM64
		{8C4A70C0-EE42-4D0B-921A-F8E959F3E6B4}.Release|x64.ActiveCfg = Release|x64
		{8C4A70C0-EE42-4D0B-921A-F8E959F3E6B4}.Release|x64.Build.0 = Release|x64
		{8C4A70C0-EE42-4D0B-921A-F8E959F3E6B4}.Release|x86.ActiveCfg = Release|x86
		{8C4A70C0-EE42-4D0B-921A-F8E959F3E6B4}.Release|x86.Build.0 = Release|x86
		{8C4A70C0-EE42-4D0B-921A-F8E959F3E6B4}.Release|Any CPU.ActiveCfg = Release|x64
		{8C4A70C0-EE42-4D0B-921A-F8E959F3E6B4}.Release|Any CPU.Build.0 = Release|x64
		{CA772DE3-47ED-4C69-8327-48412EB376AF}.Debug|ARM64.ActiveCfg = Debug|ARM64
		{CA772DE3-47ED-4C69-8327-48412EB376AF}.Debug|ARM64.Build.0 = Debug|ARM64
		{CA772DE3-47ED-4C69-8327-48412EB376AF}.Debug|x64.ActiveCfg = Debug|x64
		{CA772DE3-47ED-4C69-8327-48412EB376AF}.Debug|x64.Build.0 = Debug|x64
		{CA772DE3-47ED-4C69-8327-48412EB376AF}.Debug|x86.ActiveCfg = Debug|x86
		{CA772DE3-47ED-4C69-8327-48412EB376AF}.Debug|x86.Build.0 = Debug|x86
		{CA772DE3-47ED-4C69-8327-48412EB376AF}.Debug|Any CPU.ActiveCfg = Debug|x64
		{CA772DE3-47ED-4C69-8327-48412EB376AF}.Debug|Any CPU.Build.0 = Debug|x64
		{CA772DE3-47ED-4C69-8327-48412EB376AF}.Release|ARM64.ActiveCfg = Release|ARM64
		{CA772DE3-47ED-4C69-8327-48412EB376AF}.Release|ARM64.Build.0 = Release|ARM64
		{CA772DE3-47ED-4C69-8327-48412EB376AF}.Release|x64.ActiveCfg = Release|x64
		{CA772DE3-47ED-4C69-8327-48412EB376AF}.Release|x64.Build.0 = Release|x64
		{CA772DE3-47ED-4C69-8327-48412EB376AF}.Release|x86.ActiveCfg = Release|x86
		{CA772DE3-47ED-4C69-8327-48412EB376AF}.Release|x86.Build.0 = Release|x86
		{CA772DE3-47ED-4C69-8327-48412EB376AF}.Release|Any CPU.ActiveCfg = Release|x64
		{CA772DE3-47ED-4C69-8327-48412EB376AF}.Release|Any CPU.Build.0 = Release|x64
	EndGlobalSection
	GlobalSection(SolutionProperties) = preSolution
		HideSolutionNode = FALSE
	EndGlobalSection
	GlobalSection(NestedProjects) = preSolution
		{D548C7CE-7270-40DA-8182-8479B174E274} = {0AB3BF05-4346-4AA6-1389-037BE0695223}
		{8C4A70C0-EE42-4D0B-921A-F8E959F3E6B4} = {0AB3BF05-4346-4AA6-1389-037BE0695223}
		{CA772DE3-47ED-4C69-8327-48412EB376AF} = {827E0CD3-B72D-47B6-A68D-7590B98EB39B}
	EndGlobalSection
EndGlobal
